
Microsoft Visual Studio Solution File, Format Version 12.00
# Visual Studio 2015
Project("{FAE04EC0-301F-11D3-BF4B-00C04F79EFBC}") = "P1.Plugins", "P1.Plugins.csproj", "{3BF9C13D-800D-2554-D045-0D4D7252AE30}"
EndProject
Project("{FAE04EC0-301F-11D3-BF4B-00C04F79EFBC}") = "P1", "P1.csproj", "{BFE66207-12AA-D639-C356-DECED0BAA6F9}"
EndProject
Project("{FAE04EC0-301F-11D3-BF4B-00C04F79EFBC}") = "P1.Editor.Plugins", "P1.Editor.Plugins.csproj", "{DDB962A3-4A06-7E39-B068-04C6334A6B88}"
EndProject
Global
	GlobalSection(SolutionConfigurationPlatforms) = preSolution
		Debug|Any CPU = Debug|Any CPU
		Release|Any CPU = Release|Any CPU
	EndGlobalSection
	GlobalSection(ProjectConfigurationPlatforms) = postSolution
		{3BF9C13D-800D-2554-D045-0D4D7252AE30}.Debug|Any CPU.ActiveCfg = Debug|Any CPU
		{3BF9C13D-800D-2554-D045-0D4D7252AE30}.Debug|Any CPU.Build.0 = Debug|Any CPU
		{3BF9C13D-800D-2554-D045-0D4D7252AE30}.Release|Any CPU.ActiveCfg = Release|Any CPU
		{3BF9C13D-800D-2554-D045-0D4D7252AE30}.Release|Any CPU.Build.0 = Release|Any CPU
		{BFE66207-12AA-D639-C356-DECED0BAA6F9}.Debug|Any CPU.ActiveCfg = Debug|Any CPU
		{BFE66207-12AA-D639-C356-DECED0BAA6F9}.Debug|Any CPU.Build.0 = Debug|Any CPU
		{BFE66207-12AA-D639-C356-DECED0BAA6F9}.Release|Any CPU.ActiveCfg = Release|Any CPU
		{BFE66207-12AA-D639-C356-DECED0BAA6F9}.Release|Any CPU.Build.0 = Release|Any CPU
		{DDB962A3-4A06-7E39-B068-04C6334A6B88}.Debug|Any CPU.ActiveCfg = Debug|Any CPU
		{DDB962A3-4A06-7E39-B068-04C6334A6B88}.Debug|Any CPU.Build.0 = Debug|Any CPU
		{DDB962A3-4A06-7E39-B068-04C6334A6B88}.Release|Any CPU.ActiveCfg = Release|Any CPU
		{DDB962A3-4A06-7E39-B068-04C6334A6B88}.Release|Any CPU.Build.0 = Release|Any CPU
	EndGlobalSection
	GlobalSection(SolutionProperties) = preSolution
		HideSolutionNode = FALSE
	EndGlobalSection
EndGlobal
